
Microsoft Visual Studio Solution File, Format Version 12.00
# Visual Studio Version 17
VisualStudioVersion = 17.10.35013.160
MinimumVisualStudioVersion = 10.0.40219.1
Project("{FAE04EC0-301F-11D3-BF4B-00C04F79EFBC}") = "Preventyon", "Preventyon\Preventyon.csproj", "{2FD1F2B5-7D6A-422F-A193-0CDB90834C38}"
EndProject
Global
	GlobalSection(SolutionConfigurationPlatforms) = preSolution
		Debug|Any CPU = Debug|Any CPU
		Release|Any CPU = Release|Any CPU
	EndGlobalSection
	GlobalSection(ProjectConfigurationPlatforms) = postSolution
		{2FD1F2B5-7D6A-422F-A193-0CDB90834C38}.Debug|Any CPU.ActiveCfg = Debug|Any CPU
		{2FD1F2B5-7D6A-422F-A193-0CDB90834C38}.Debug|Any CPU.Build.0 = Debug|Any CPU
		{2FD1F2B5-7D6A-422F-A193-0CDB90834C38}.Release|Any CPU.ActiveCfg = Release|Any CPU
		{2FD1F2B5-7D6A-422F-A193-0CDB90834C38}.Release|Any CPU.Build.0 = Release|Any CPU
	EndGlobalSection
	GlobalSection(SolutionProperties) = preSolution
		HideSolutionNode = FALSE
	EndGlobalSection
	GlobalSection(ExtensibilityGlobals) = postSolution
		SolutionGuid = {E4D4FB0E-C31D-436D-AF62-F724927DE07B}
	EndGlobalSection
EndGlobal
